
Microsoft Visual Studio Solution File, Format Version 12.00
# Visual Studio Version 17
VisualStudioVersion = 17.8.34511.84
MinimumVisualStudioVersion = 10.0.40219.1
Project("{FAE04EC0-301F-11D3-BF4B-00C04F79EFBC}") = "APIAutomacoesUnDocker", "APIAutomacoesUnDocker\APIAutomacoesUnDocker.csproj", "{93A4DBCD-DAEC-46E3-B863-4D474926805E}"
EndProject
Global
	GlobalSection(SolutionConfigurationPlatforms) = preSolution
		Debug|Any CPU = Debug|Any CPU
		Release|Any CPU = Release|Any CPU
	EndGlobalSection
	GlobalSection(ProjectConfigurationPlatforms) = postSolution
		{93A4DBCD-DAEC-46E3-B863-4D474926805E}.Debug|Any CPU.ActiveCfg = Debug|Any CPU
		{93A4DBCD-DAEC-46E3-B863-4D474926805E}.Debug|Any CPU.Build.0 = Debug|Any CPU
		{93A4DBCD-DAEC-46E3-B863-4D474926805E}.Release|Any CPU.ActiveCfg = Release|Any CPU
		{93A4DBCD-DAEC-46E3-B863-4D474926805E}.Release|Any CPU.Build.0 = Release|Any CPU
	EndGlobalSection
	GlobalSection(SolutionProperties) = preSolution
		HideSolutionNode = FALSE
	EndGlobalSection
	GlobalSection(ExtensibilityGlobals) = postSolution
		SolutionGuid = {49142521-2518-4044-9358-4B8AE7DBC365}
	EndGlobalSection
EndGlobal
